// !$*UTF8*$!
{
	archiveVersion = 1;
	classes = {
	};
	objectVersion = 56;
	objects = {

/* Begin PBXBuildFile section */
		2CE9FA8E2A126D55004C5807 /* DubDubGrubApp.swift in Sources */ = {isa = PBXBuildFile; fileRef = 2CE9FA8D2A126D55004C5807 /* DubDubGrubApp.swift */; };
		2CE9FA922A126D58004C5807 /* Assets.xcassets in Resources */ = {isa = PBXBuildFile; fileRef = 2CE9FA912A126D58004C5807 /* Assets.xcassets */; };
		2CE9FA952A126D58004C5807 /* Preview Assets.xcassets in Resources */ = {isa = PBXBuildFile; fileRef = 2CE9FA942A126D58004C5807 /* Preview Assets.xcassets */; };
		2CE9FAA12A1271D3004C5807 /* MainTabView.swift in Sources */ = {isa = PBXBuildFile; fileRef = 2CE9FAA02A1271D3004C5807 /* MainTabView.swift */; };
		2CE9FAA32A1271E7004C5807 /* Color+Ext.swift in Sources */ = {isa = PBXBuildFile; fileRef = 2CE9FAA22A1271E7004C5807 /* Color+Ext.swift */; };
		2CE9FAA82A12726A004C5807 /* LocationMapView.swift in Sources */ = {isa = PBXBuildFile; fileRef = 2CE9FAA72A12726A004C5807 /* LocationMapView.swift */; };
		2CE9FAAA2A127273004C5807 /* LocationListView.swift in Sources */ = {isa = PBXBuildFile; fileRef = 2CE9FAA92A127273004C5807 /* LocationListView.swift */; };
		2CE9FAAC2A12727B004C5807 /* ProfileView.swift in Sources */ = {isa = PBXBuildFile; fileRef = 2CE9FAAB2A12727B004C5807 /* ProfileView.swift */; };
		2CE9FAAE2A127EF6004C5807 /* Image+Ext.swift in Sources */ = {isa = PBXBuildFile; fileRef = 2CE9FAAD2A127EF6004C5807 /* Image+Ext.swift */; };
		2CE9FAB22A1280CF004C5807 /* MapViewLogoView.swift in Sources */ = {isa = PBXBuildFile; fileRef = 2CE9FAB12A1280CF004C5807 /* MapViewLogoView.swift */; };
		2CE9FAB52A12819B004C5807 /* LocationCell.swift in Sources */ = {isa = PBXBuildFile; fileRef = 2CE9FAB42A12819B004C5807 /* LocationCell.swift */; };
		2CE9FAB72A12845C004C5807 /* AvatarView.swift in Sources */ = {isa = PBXBuildFile; fileRef = 2CE9FAB62A12845C004C5807 /* AvatarView.swift */; };
		2CE9FAB92A128530004C5807 /* LocationDetailView.swift in Sources */ = {isa = PBXBuildFile; fileRef = 2CE9FAB82A128530004C5807 /* LocationDetailView.swift */; };
		2CE9FABC2A128646004C5807 /* LocationLabel.swift in Sources */ = {isa = PBXBuildFile; fileRef = 2CE9FABB2A128646004C5807 /* LocationLabel.swift */; };
		2CE9FABF2A1286C9004C5807 /* DetailViewButton.swift in Sources */ = {isa = PBXBuildFile; fileRef = 2CE9FABE2A1286C9004C5807 /* DetailViewButton.swift */; };
		2CE9FAC12A128C07004C5807 /* NameAvatarView.swift in Sources */ = {isa = PBXBuildFile; fileRef = 2CE9FAC02A128C07004C5807 /* NameAvatarView.swift */; };
/* End PBXBuildFile section */

/* Begin PBXFileReference section */
		2CE9FA8A2A126D55004C5807 /* DubDubGrub.app */ = {isa = PBXFileReference; explicitFileType = wrapper.application; includeInIndex = 0; path = DubDubGrub.app; sourceTree = BUILT_PRODUCTS_DIR; };
		2CE9FA8D2A126D55004C5807 /* DubDubGrubApp.swift */ = {isa = PBXFileReference; lastKnownFileType = sourcecode.swift; path = DubDubGrubApp.swift; sourceTree = "<group>"; };
		2CE9FA912A126D58004C5807 /* Assets.xcassets */ = {isa = PBXFileReference; lastKnownFileType = folder.assetcatalog; path = Assets.xcassets; sourceTree = "<group>"; };
		2CE9FA942A126D58004C5807 /* Preview Assets.xcassets */ = {isa = PBXFileReference; lastKnownFileType = folder.assetcatalog; path = "Preview Assets.xcassets"; sourceTree = "<group>"; };
		2CE9FA9B2A126E4F004C5807 /* DubDubGrub.entitlements */ = {isa = PBXFileReference; lastKnownFileType = text.plist.entitlements; path = DubDubGrub.entitlements; sourceTree = "<group>"; };
		2CE9FAA02A1271D3004C5807 /* MainTabView.swift */ = {isa = PBXFileReference; lastKnownFileType = sourcecode.swift; path = MainTabView.swift; sourceTree = "<group>"; };
		2CE9FAA22A1271E7004C5807 /* Color+Ext.swift */ = {isa = PBXFileReference; lastKnownFileType = sourcecode.swift; path = "Color+Ext.swift"; sourceTree = "<group>"; };
		2CE9FAA72A12726A004C5807 /* LocationMapView.swift */ = {isa = PBXFileReference; lastKnownFileType = sourcecode.swift; path = LocationMapView.swift; sourceTree = "<group>"; };
		2CE9FAA92A127273004C5807 /* LocationListView.swift */ = {isa = PBXFileReference; lastKnownFileType = sourcecode.swift; path = LocationListView.swift; sourceTree = "<group>"; };
		2CE9FAAB2A12727B004C5807 /* ProfileView.swift */ = {isa = PBXFileReference; lastKnownFileType = sourcecode.swift; path = ProfileView.swift; sourceTree = "<group>"; };
		2CE9FAAD2A127EF6004C5807 /* Image+Ext.swift */ = {isa = PBXFileReference; lastKnownFileType = sourcecode.swift; path = "Image+Ext.swift"; sourceTree = "<group>"; };
		2CE9FAB12A1280CF004C5807 /* MapViewLogoView.swift */ = {isa = PBXFileReference; lastKnownFileType = sourcecode.swift; path = MapViewLogoView.swift; sourceTree = "<group>"; };
		2CE9FAB42A12819B004C5807 /* LocationCell.swift */ = {isa = PBXFileReference; lastKnownFileType = sourcecode.swift; path = LocationCell.swift; sourceTree = "<group>"; };
		2CE9FAB62A12845C004C5807 /* AvatarView.swift */ = {isa = PBXFileReference; lastKnownFileType = sourcecode.swift; path = AvatarView.swift; sourceTree = "<group>"; };
		2CE9FAB82A128530004C5807 /* LocationDetailView.swift */ = {isa = PBXFileReference; lastKnownFileType = sourcecode.swift; path = LocationDetailView.swift; sourceTree = "<group>"; };
		2CE9FABB2A128646004C5807 /* LocationLabel.swift */ = {isa = PBXFileReference; lastKnownFileType = sourcecode.swift; path = LocationLabel.swift; sourceTree = "<group>"; };
		2CE9FABE2A1286C9004C5807 /* DetailViewButton.swift */ = {isa = PBXFileReference; lastKnownFileType = sourcecode.swift; path = DetailViewButton.swift; sourceTree = "<group>"; };
		2CE9FAC02A128C07004C5807 /* NameAvatarView.swift */ = {isa = PBXFileReference; lastKnownFileType = sourcecode.swift; path = NameAvatarView.swift; sourceTree = "<group>"; };
/* End PBXFileReference section */

/* Begin PBXFrameworksBuildPhase section */
		2CE9FA872A126D55004C5807 /* Frameworks */ = {
			isa = PBXFrameworksBuildPhase;
			buildActionMask = 2147483647;
			files = (
			);
			runOnlyForDeploymentPostprocessing = 0;
		};
/* End PBXFrameworksBuildPhase section */

/* Begin PBXGroup section */
		2CE9FA812A126D55004C5807 = {
			isa = PBXGroup;
			children = (
				2CE9FA8C2A126D55004C5807 /* DubDubGrub */,
				2CE9FA8B2A126D55004C5807 /* Products */,
			);
			sourceTree = "<group>";
		};
		2CE9FA8B2A126D55004C5807 /* Products */ = {
			isa = PBXGroup;
			children = (
				2CE9FA8A2A126D55004C5807 /* DubDubGrub.app */,
			);
			name = Products;
			sourceTree = "<group>";
		};
		2CE9FA8C2A126D55004C5807 /* DubDubGrub */ = {
			isa = PBXGroup;
			children = (
				2CE9FA9B2A126E4F004C5807 /* DubDubGrub.entitlements */,
				2CE9FA8D2A126D55004C5807 /* DubDubGrubApp.swift */,
				2CE9FA9C2A1271AE004C5807 /* Extensions */,
				2CE9FA9F2A1271B7004C5807 /* Network */,
				2CE9FAAF2A1280B7004C5807 /* Custom Views */,
				2CE9FA9E2A1271B5004C5807 /* Model */,
				2CE9FA9D2A1271B2004C5807 /* Screens */,
				2CE9FA912A126D58004C5807 /* Assets.xcassets */,
				2CE9FA932A126D58004C5807 /* Preview Content */,
			);
			path = DubDubGrub;
			sourceTree = "<group>";
		};
		2CE9FA932A126D58004C5807 /* Preview Content */ = {
			isa = PBXGroup;
			children = (
				2CE9FA942A126D58004C5807 /* Preview Assets.xcassets */,
			);
			path = "Preview Content";
			sourceTree = "<group>";
		};
		2CE9FA9C2A1271AE004C5807 /* Extensions */ = {
			isa = PBXGroup;
			children = (
				2CE9FAA22A1271E7004C5807 /* Color+Ext.swift */,
				2CE9FAAD2A127EF6004C5807 /* Image+Ext.swift */,
			);
			path = Extensions;
			sourceTree = "<group>";
		};
		2CE9FA9D2A1271B2004C5807 /* Screens */ = {
			isa = PBXGroup;
			children = (
				2CE9FAA02A1271D3004C5807 /* MainTabView.swift */,
				2CE9FAA42A127220004C5807 /* Map View */,
				2CE9FAA52A127228004C5807 /* Location List */,
				2CE9FAA62A12722F004C5807 /* Profile */,
				2CE9FAB82A128530004C5807 /* LocationDetailView.swift */,
			);
			path = Screens;
			sourceTree = "<group>";
		};
		2CE9FA9E2A1271B5004C5807 /* Model */ = {
			isa = PBXGroup;
			children = (
			);
			path = Model;
			sourceTree = "<group>";
		};
		2CE9FA9F2A1271B7004C5807 /* Network */ = {
			isa = PBXGroup;
			children = (
			);
			path = Network;
			sourceTree = "<group>";
		};
		2CE9FAA42A127220004C5807 /* Map View */ = {
			isa = PBXGroup;
			children = (
				2CE9FAA72A12726A004C5807 /* LocationMapView.swift */,
			);
			path = "Map View";
			sourceTree = "<group>";
		};
		2CE9FAA52A127228004C5807 /* Location List */ = {
			isa = PBXGroup;
			children = (
				2CE9FAA92A127273004C5807 /* LocationListView.swift */,
			);
			path = "Location List";
			sourceTree = "<group>";
		};
		2CE9FAA62A12722F004C5807 /* Profile */ = {
			isa = PBXGroup;
			children = (
				2CE9FAAB2A12727B004C5807 /* ProfileView.swift */,
			);
			path = Profile;
			sourceTree = "<group>";
		};
		2CE9FAAF2A1280B7004C5807 /* Custom Views */ = {
			isa = PBXGroup;
			children = (
				2CE9FABD2A1286BD004C5807 /* Buttons */,
				2CE9FABA2A128631004C5807 /* Texts and Labels */,
				2CE9FAB32A128195004C5807 /* Cells */,
				2CE9FAB02A1280C2004C5807 /* Images */,
			);
			path = "Custom Views";
			sourceTree = "<group>";
		};
		2CE9FAB02A1280C2004C5807 /* Images */ = {
			isa = PBXGroup;
			children = (
				2CE9FAB12A1280CF004C5807 /* MapViewLogoView.swift */,
				2CE9FAB62A12845C004C5807 /* AvatarView.swift */,
			);
			path = Images;
			sourceTree = "<group>";
		};
		2CE9FAB32A128195004C5807 /* Cells */ = {
			isa = PBXGroup;
			children = (
				2CE9FAC02A128C07004C5807 /* NameAvatarView.swift */,
				2CE9FAB42A12819B004C5807 /* LocationCell.swift */,
			);
			path = Cells;
			sourceTree = "<group>";
		};
		2CE9FABA2A128631004C5807 /* Texts and Labels */ = {
			isa = PBXGroup;
			children = (
				2CE9FABB2A128646004C5807 /* LocationLabel.swift */,
			);
			path = "Texts and Labels";
			sourceTree = "<group>";
		};
		2CE9FABD2A1286BD004C5807 /* Buttons */ = {
			isa = PBXGroup;
			children = (
				2CE9FABE2A1286C9004C5807 /* DetailViewButton.swift */,
			);
			path = Buttons;
			sourceTree = "<group>";
		};
/* End PBXGroup section */

/* Begin PBXNativeTarget section */
		2CE9FA892A126D55004C5807 /* DubDubGrub */ = {
			isa = PBXNativeTarget;
			buildConfigurationList = 2CE9FA982A126D58004C5807 /* Build configuration list for PBXNativeTarget "DubDubGrub" */;
			buildPhases = (
				2CE9FA862A126D55004C5807 /* Sources */,
				2CE9FA872A126D55004C5807 /* Frameworks */,
				2CE9FA882A126D55004C5807 /* Resources */,
			);
			buildRules = (
			);
			dependencies = (
			);
			name = DubDubGrub;
			productName = DubDubGrub;
			productReference = 2CE9FA8A2A126D55004C5807 /* DubDubGrub.app */;
			productType = "com.apple.product-type.application";
		};
/* End PBXNativeTarget section */

/* Begin PBXProject section */
		2CE9FA822A126D55004C5807 /* Project object */ = {
			isa = PBXProject;
			attributes = {
				BuildIndependentTargetsInParallel = 1;
				LastSwiftUpdateCheck = 1430;
				LastUpgradeCheck = 1430;
				TargetAttributes = {
					2CE9FA892A126D55004C5807 = {
						CreatedOnToolsVersion = 14.3;
					};
				};
			};
			buildConfigurationList = 2CE9FA852A126D55004C5807 /* Build configuration list for PBXProject "DubDubGrub" */;
			compatibilityVersion = "Xcode 14.0";
			developmentRegion = en;
			hasScannedForEncodings = 0;
			knownRegions = (
				en,
				Base,
			);
			mainGroup = 2CE9FA812A126D55004C5807;
			productRefGroup = 2CE9FA8B2A126D55004C5807 /* Products */;
			projectDirPath = "";
			projectRoot = "";
			targets = (
				2CE9FA892A126D55004C5807 /* DubDubGrub */,
			);
		};
/* End PBXProject section */

/* Begin PBXResourcesBuildPhase section */
		2CE9FA882A126D55004C5807 /* Resources */ = {
			isa = PBXResourcesBuildPhase;
			buildActionMask = 2147483647;
			files = (
				2CE9FA952A126D58004C5807 /* Preview Assets.xcassets in Resources */,
				2CE9FA922A126D58004C5807 /* Assets.xcassets in Resources */,
			);
			runOnlyForDeploymentPostprocessing = 0;
		};
/* End PBXResourcesBuildPhase section */

/* Begin PBXSourcesBuildPhase section */
		2CE9FA862A126D55004C5807 /* Sources */ = {
			isa = PBXSourcesBuildPhase;
			buildActionMask = 2147483647;
			files = (
				2CE9FA8E2A126D55004C5807 /* DubDubGrubApp.swift in Sources */,
				2CE9FAAA2A127273004C5807 /* LocationListView.swift in Sources */,
				2CE9FABF2A1286C9004C5807 /* DetailViewButton.swift in Sources */,
				2CE9FAB92A128530004C5807 /* LocationDetailView.swift in Sources */,
				2CE9FABC2A128646004C5807 /* LocationLabel.swift in Sources */,
				2CE9FAA12A1271D3004C5807 /* MainTabView.swift in Sources */,
				2CE9FAB72A12845C004C5807 /* AvatarView.swift in Sources */,
				2CE9FAA82A12726A004C5807 /* LocationMapView.swift in Sources */,
				2CE9FAC12A128C07004C5807 /* NameAvatarView.swift in Sources */,
				2CE9FAAE2A127EF6004C5807 /* Image+Ext.swift in Sources */,
				2CE9FAB22A1280CF004C5807 /* MapViewLogoView.swift in Sources */,
				2CE9FAB52A12819B004C5807 /* LocationCell.swift in Sources */,
				2CE9FAAC2A12727B004C5807 /* ProfileView.swift in Sources */,
				2CE9FAA32A1271E7004C5807 /* Color+Ext.swift in Sources */,
			);
			runOnlyForDeploymentPostprocessing = 0;
		};
/* End PBXSourcesBuildPhase section */

/* Begin XCBuildConfiguration section */
		2CE9FA962A126D58004C5807 /* Debug */ = {
			isa = XCBuildConfiguration;
			buildSettings = {
				ALWAYS_SEARCH_USER_PATHS = NO;
				CLANG_ANALYZER_NONNULL = YES;
				CLANG_ANALYZER_NUMBER_OBJECT_CONVERSION = YES_AGGRESSIVE;
				CLANG_CXX_LANGUAGE_STANDARD = "gnu++20";
				CLANG_ENABLE_MODULES = YES;
				CLANG_ENABLE_OBJC_ARC = YES;
				CLANG_ENABLE_OBJC_WEAK = YES;
				CLANG_WARN_BLOCK_CAPTURE_AUTORELEASING = YES;
				CLANG_WARN_BOOL_CONVERSION = YES;
				CLANG_WARN_COMMA = YES;
				CLANG_WARN_CONSTANT_CONVERSION = YES;
				CLANG_WARN_DEPRECATED_OBJC_IMPLEMENTATIONS = YES;
				CLANG_WARN_DIRECT_OBJC_ISA_USAGE = YES_ERROR;
				CLANG_WARN_DOCUMENTATION_COMMENTS = YES;
				CLANG_WARN_EMPTY_BODY = YES;
				CLANG_WARN_ENUM_CONVERSION = YES;
				CLANG_WARN_INFINITE_RECURSION = YES;
				CLANG_WARN_INT_CONVERSION = YES;
				CLANG_WARN_NON_LITERAL_NULL_CONVERSION = YES;
				CLANG_WARN_OBJC_IMPLICIT_RETAIN_SELF = YES;
				CLANG_WARN_OBJC_LITERAL_CONVERSION = YES;
				CLANG_WARN_OBJC_ROOT_CLASS = YES_ERROR;
				CLANG_WARN_QUOTED_INCLUDE_IN_FRAMEWORK_HEADER = YES;
				CLANG_WARN_RANGE_LOOP_ANALYSIS = YES;
				CLANG_WARN_STRICT_PROTOTYPES = YES;
				CLANG_WARN_SUSPICIOUS_MOVE = YES;
				CLANG_WARN_UNGUARDED_AVAILABILITY = YES_AGGRESSIVE;
				CLANG_WARN_UNREACHABLE_CODE = YES;
				CLANG_WARN__DUPLICATE_METHOD_MATCH = YES;
				COPY_PHASE_STRIP = NO;
				DEBUG_INFORMATION_FORMAT = dwarf;
				ENABLE_STRICT_OBJC_MSGSEND = YES;
				ENABLE_TESTABILITY = YES;
				GCC_C_LANGUAGE_STANDARD = gnu11;
				GCC_DYNAMIC_NO_PIC = NO;
				GCC_NO_COMMON_BLOCKS = YES;
				GCC_OPTIMIZATION_LEVEL = 0;
				GCC_PREPROCESSOR_DEFINITIONS = (
					"DEBUG=1",
					"$(inherited)",
				);
				GCC_WARN_64_TO_32_BIT_CONVERSION = YES;
				GCC_WARN_ABOUT_RETURN_TYPE = YES_ERROR;
				GCC_WARN_UNDECLARED_SELECTOR = YES;
				GCC_WARN_UNINITIALIZED_AUTOS = YES_AGGRESSIVE;
				GCC_WARN_UNUSED_FUNCTION = YES;
				GCC_WARN_UNUSED_VARIABLE = YES;
				IPHONEOS_DEPLOYMENT_TARGET = 16.4;
				MTL_ENABLE_DEBUG_INFO = INCLUDE_SOURCE;
				MTL_FAST_MATH = YES;
				ONLY_ACTIVE_ARCH = YES;
				SDKROOT = iphoneos;
				SWIFT_ACTIVE_COMPILATION_CONDITIONS = DEBUG;
				SWIFT_OPTIMIZATION_LEVEL = "-Onone";
			};
			name = Debug;
		};
		2CE9FA972A126D58004C5807 /* Release */ = {
			isa = XCBuildConfiguration;
			buildSettings = {
				ALWAYS_SEARCH_USER_PATHS = NO;
				CLANG_ANALYZER_NONNULL = YES;
				CLANG_ANALYZER_NUMBER_OBJECT_CONVERSION = YES_AGGRESSIVE;
				CLANG_CXX_LANGUAGE_STANDARD = "gnu++20";
				CLANG_ENABLE_MODULES = YES;
				CLANG_ENABLE_OBJC_ARC = YES;
				CLANG_ENABLE_OBJC_WEAK = YES;
				CLANG_WARN_BLOCK_CAPTURE_AUTORELEASING = YES;
				CLANG_WARN_BOOL_CONVERSION = YES;
				CLANG_WARN_COMMA = YES;
				CLANG_WARN_CONSTANT_CONVERSION = YES;
				CLANG_WARN_DEPRECATED_OBJC_IMPLEMENTATIONS = YES;
				CLANG_WARN_DIRECT_OBJC_ISA_USAGE = YES_ERROR;
				CLANG_WARN_DOCUMENTATION_COMMENTS = YES;
				CLANG_WARN_EMPTY_BODY = YES;
				CLANG_WARN_ENUM_CONVERSION = YES;
				CLANG_WARN_INFINITE_RECURSION = YES;
				CLANG_WARN_INT_CONVERSION = YES;
				CLANG_WARN_NON_LITERAL_NULL_CONVERSION = YES;
				CLANG_WARN_OBJC_IMPLICIT_RETAIN_SELF = YES;
				CLANG_WARN_OBJC_LITERAL_CONVERSION = YES;
				CLANG_WARN_OBJC_ROOT_CLASS = YES_ERROR;
				CLANG_WARN_QUOTED_INCLUDE_IN_FRAMEWORK_HEADER = YES;
				CLANG_WARN_RANGE_LOOP_ANALYSIS = YES;
				CLANG_WARN_STRICT_PROTOTYPES = YES;
				CLANG_WARN_SUSPICIOUS_MOVE = YES;
				CLANG_WARN_UNGUARDED_AVAILABILITY = YES_AGGRESSIVE;
				CLANG_WARN_UNREACHABLE_CODE = YES;
				CLANG_WARN__DUPLICATE_METHOD_MATCH = YES;
				COPY_PHASE_STRIP = NO;
				DEBUG_INFORMATION_FORMAT = "dwarf-with-dsym";
				ENABLE_NS_ASSERTIONS = NO;
				ENABLE_STRICT_OBJC_MSGSEND = YES;
				GCC_C_LANGUAGE_STANDARD = gnu11;
				GCC_NO_COMMON_BLOCKS = YES;
				GCC_WARN_64_TO_32_BIT_CONVERSION = YES;
				GCC_WARN_ABOUT_RETURN_TYPE = YES_ERROR;
				GCC_WARN_UNDECLARED_SELECTOR = YES;
				GCC_WARN_UNINITIALIZED_AUTOS = YES_AGGRESSIVE;
				GCC_WARN_UNUSED_FUNCTION = YES;
				GCC_WARN_UNUSED_VARIABLE = YES;
				IPHONEOS_DEPLOYMENT_TARGET = 16.4;
				MTL_ENABLE_DEBUG_INFO = NO;
				MTL_FAST_MATH = YES;
				SDKROOT = iphoneos;
				SWIFT_COMPILATION_MODE = wholemodule;
				SWIFT_OPTIMIZATION_LEVEL = "-O";
				VALIDATE_PRODUCT = YES;
			};
			name = Release;
		};
		2CE9FA992A126D58004C5807 /* Debug */ = {
			isa = XCBuildConfiguration;
			buildSettings = {
				ASSETCATALOG_COMPILER_APPICON_NAME = AppIcon;
				ASSETCATALOG_COMPILER_GLOBAL_ACCENT_COLOR_NAME = AccentColor;
				CODE_SIGN_ENTITLEMENTS = DubDubGrub/DubDubGrub.entitlements;
				CODE_SIGN_STYLE = Automatic;
				CURRENT_PROJECT_VERSION = 1;
				DEVELOPMENT_ASSET_PATHS = "\"DubDubGrub/Preview Content\"";
				DEVELOPMENT_TEAM = 49Z33V7QZW;
				ENABLE_PREVIEWS = YES;
				GENERATE_INFOPLIST_FILE = YES;
				INFOPLIST_KEY_UIApplicationSceneManifest_Generation = YES;
				INFOPLIST_KEY_UIApplicationSupportsIndirectInputEvents = YES;
				INFOPLIST_KEY_UILaunchScreen_Generation = YES;
				INFOPLIST_KEY_UISupportedInterfaceOrientations_iPad = "UIInterfaceOrientationPortrait UIInterfaceOrientationPortraitUpsideDown UIInterfaceOrientationLandscapeLeft UIInterfaceOrientationLandscapeRight";
				INFOPLIST_KEY_UISupportedInterfaceOrientations_iPhone = "UIInterfaceOrientationPortrait UIInterfaceOrientationLandscapeLeft UIInterfaceOrientationLandscapeRight";
				LD_RUNPATH_SEARCH_PATHS = (
					"$(inherited)",
					"@executable_path/Frameworks",
				);
				MARKETING_VERSION = 1.0;
				PRODUCT_BUNDLE_IDENTIFIER = com.sameddagli.DubDubGrub;
				PRODUCT_NAME = "$(TARGET_NAME)";
				SWIFT_EMIT_LOC_STRINGS = YES;
				SWIFT_VERSION = 5.0;
				TARGETED_DEVICE_FAMILY = "1,2";
			};
			name = Debug;
		};
		2CE9FA9A2A126D58004C5807 /* Release */ = {
			isa = XCBuildConfiguration;
			buildSettings = {
				ASSETCATALOG_COMPILER_APPICON_NAME = AppIcon;
				ASSETCATALOG_COMPILER_GLOBAL_ACCENT_COLOR_NAME = AccentColor;
				CODE_SIGN_ENTITLEMENTS = DubDubGrub/DubDubGrub.entitlements;
				CODE_SIGN_STYLE = Automatic;
				CURRENT_PROJECT_VERSION = 1;
				DEVELOPMENT_ASSET_PATHS = "\"DubDubGrub/Preview Content\"";
				DEVELOPMENT_TEAM = 49Z33V7QZW;
				ENABLE_PREVIEWS = YES;
				GENERATE_INFOPLIST_FILE = YES;
				INFOPLIST_KEY_UIApplicationSceneManifest_Generation = YES;
				INFOPLIST_KEY_UIApplicationSupportsIndirectInputEvents = YES;
				INFOPLIST_KEY_UILaunchScreen_Generation = YES;
				INFOPLIST_KEY_UISupportedInterfaceOrientations_iPad = "UIInterfaceOrientationPortrait UIInterfaceOrientationPortraitUpsideDown UIInterfaceOrientationLandscapeLeft UIInterfaceOrientationLandscapeRight";
				INFOPLIST_KEY_UISupportedInterfaceOrientations_iPhone = "UIInterfaceOrientationPortrait UIInterfaceOrientationLandscapeLeft UIInterfaceOrientationLandscapeRight";
				LD_RUNPATH_SEARCH_PATHS = (
					"$(inherited)",
					"@executable_path/Frameworks",
				);
				MARKETING_VERSION = 1.0;
				PRODUCT_BUNDLE_IDENTIFIER = com.sameddagli.DubDubGrub;
				PRODUCT_NAME = "$(TARGET_NAME)";
				SWIFT_EMIT_LOC_STRINGS = YES;
				SWIFT_VERSION = 5.0;
				TARGETED_DEVICE_FAMILY = "1,2";
			};
			name = Release;
		};
/* End XCBuildConfiguration section */

/* Begin XCConfigurationList section */
		2CE9FA852A126D55004C5807 /* Build configuration list for PBXProject "DubDubGrub" */ = {
			isa = XCConfigurationList;
			buildConfigurations = (
				2CE9FA962A126D58004C5807 /* Debug */,
				2CE9FA972A126D58004C5807 /* Release */,
			);
			defaultConfigurationIsVisible = 0;
			defaultConfigurationName = Release;
		};
		2CE9FA982A126D58004C5807 /* Build configuration list for PBXNativeTarget "DubDubGrub" */ = {
			isa = XCConfigurationList;
			buildConfigurations = (
				2CE9FA992A126D58004C5807 /* Debug */,
				2CE9FA9A2A126D58004C5807 /* Release */,
			);
			defaultConfigurationIsVisible = 0;
			defaultConfigurationName = Release;
		};
/* End XCConfigurationList section */
	};
	rootObject = 2CE9FA822A126D55004C5807 /* Project object */;
}
